
Microsoft Visual Studio Solution File, Format Version 12.00
# Visual Studio Version 17
VisualStudioVersion = 17.7.34031.279
MinimumVisualStudioVersion = 10.0.40219.1
Project("{FAE04EC0-301F-11D3-BF4B-00C04F79EFBC}") = "Calculator", "Calculator\Calculator.csproj", "{7D76F48D-E4BC-43E4-BEEF-FC89ADCE4F62}"
EndProject
Global
	GlobalSection(SolutionConfigurationPlatforms) = preSolution
		Debug|Any CPU = Debug|Any CPU
		Release|Any CPU = Release|Any CPU
	EndGlobalSection
	GlobalSection(ProjectConfigurationPlatforms) = postSolution
		{7D76F48D-E4BC-43E4-BEEF-FC89ADCE4F62}.Debug|Any CPU.ActiveCfg = Debug|Any CPU
		{7D76F48D-E4BC-43E4-BEEF-FC89ADCE4F62}.Debug|Any CPU.Build.0 = Debug|Any CPU
		{7D76F48D-E4BC-43E4-BEEF-FC89ADCE4F62}.Release|Any CPU.ActiveCfg = Release|Any CPU
		{7D76F48D-E4BC-43E4-BEEF-FC89ADCE4F62}.Release|Any CPU.Build.0 = Release|Any CPU
	EndGlobalSection
	GlobalSection(SolutionProperties) = preSolution
		HideSolutionNode = FALSE
	EndGlobalSection
	GlobalSection(ExtensibilityGlobals) = postSolution
		SolutionGuid = {F2FE946B-0566-4873-A08F-01851AA8F9A0}
	EndGlobalSection
EndGlobal
